
Microsoft Visual Studio Solution File, Format Version 12.00
# Visual Studio Version 18
VisualStudioVersion = 18.3.11512.155 d18.3
MinimumVisualStudioVersion = 10.0.40219.1
Project("{FAE04EC0-301F-11D3-BF4B-00C04F79EFBC}") = "Hardcoded.NET", "Hardcoded.NET\Hardcoded.NET.csproj", "{5636F807-BA6C-4789-920E-2AE964D1824D}"
EndProject
Project("{FAE04EC0-301F-11D3-BF4B-00C04F79EFBC}") = "Hardcoded.NET.Test", "Hardcoded.NET.Test\Hardcoded.NET.Test.csproj", "{F7BC7480-E8E3-4496-B025-450A6C967A34}"
EndProject
Global
	GlobalSection(SolutionConfigurationPlatforms) = preSolution
		Debug|Any CPU = Debug|Any CPU
		Debug|x64 = Debug|x64
		Debug|x86 = Debug|x86
		Release|Any CPU = Release|Any CPU
		Release|x64 = Release|x64
		Release|x86 = Release|x86
	EndGlobalSection
	GlobalSection(ProjectConfigurationPlatforms) = postSolution
		{5636F807-BA6C-4789-920E-2AE964D1824D}.Debug|Any CPU.ActiveCfg = Debug|Any CPU
		{5636F807-BA6C-4789-920E-2AE964D1824D}.Debug|Any CPU.Build.0 = Debug|Any CPU
		{5636F807-BA6C-4789-920E-2AE964D1824D}.Debug|x64.ActiveCfg = Debug|Any CPU
		{5636F807-BA6C-4789-920E-2AE964D1824D}.Debug|x64.Build.0 = Debug|Any CPU
		{5636F807-BA6C-4789-920E-2AE964D1824D}.Debug|x86.ActiveCfg = Debug|Any CPU
		{5636F807-BA6C-4789-920E-2AE964D1824D}.Debug|x86.Build.0 = Debug|Any CPU
		{5636F807-BA6C-4789-920E-2AE964D1824D}.Release|Any CPU.ActiveCfg = Release|Any CPU
		{5636F807-BA6C-4789-920E-2AE964D1824D}.Release|Any CPU.Build.0 = Release|Any CPU
		{5636F807-BA6C-4789-920E-2AE964D1824D}.Release|x64.ActiveCfg = Release|Any CPU
		{5636F807-BA6C-4789-920E-2AE964D1824D}.Release|x64.Build.0 = Release|Any CPU
		{5636F807-BA6C-4789-920E-2AE964D1824D}.Release|x86.ActiveCfg = Release|Any CPU
		{5636F807-BA6C-4789-920E-2AE964D1824D}.Release|x86.Build.0 = Release|Any CPU
		{F7BC7480-E8E3-4496-B025-450A6C967A34}.Debug|Any CPU.ActiveCfg = Debug|Any CPU
		{F7BC7480-E8E3-4496-B025-450A6C967A34}.Debug|Any CPU.Build.0 = Debug|Any CPU
		{F7BC7480-E8E3-4496-B025-450A6C967A34}.Debug|x64.ActiveCfg = Debug|Any CPU
		{F7BC7480-E8E3-4496-B025-450A6C967A34}.Debug|x64.Build.0 = Debug|Any CPU
		{F7BC7480-E8E3-4496-B025-450A6C967A34}.Debug|x86.ActiveCfg = Debug|Any CPU
		{F7BC7480-E8E3-4496-B025-450A6C967A34}.Debug|x86.Build.0 = Debug|Any CPU
		{F7BC7480-E8E3-4496-B025-450A6C967A34}.Release|Any CPU.ActiveCfg = Release|Any CPU
		{F7BC7480-E8E3-4496-B025-450A6C967A34}.Release|Any CPU.Build.0 = Release|Any CPU
		{F7BC7480-E8E3-4496-B025-450A6C967A34}.Release|x64.ActiveCfg = Release|Any CPU
		{F7BC7480-E8E3-4496-B025-450A6C967A34}.Release|x64.Build.0 = Release|Any CPU
		{F7BC7480-E8E3-4496-B025-450A6C967A34}.Release|x86.ActiveCfg = Release|Any CPU
		{F7BC7480-E8E3-4496-B025-450A6C967A34}.Release|x86.Build.0 = Release|Any CPU
	EndGlobalSection
	GlobalSection(SolutionProperties) = preSolution
		HideSolutionNode = FALSE
	EndGlobalSection
	GlobalSection(ExtensibilityGlobals) = postSolution
		SolutionGuid = {091EEEF6-8FBE-4855-A9ED-4FF4FB7351FF}
	EndGlobalSection
EndGlobal
